
Microsoft Visual Studio Solution File, Format Version 12.00
# Visual Studio Version 16
VisualStudioVersion = 16.0.30503.244
MinimumVisualStudioVersion = 10.0.40219.1
Project("{FAE04EC0-301F-11D3-BF4B-00C04F79EFBC}") = "PresentIT", "PresentIT\PresentIT.csproj", "{548B0485-2A8A-44D5-88EB-4536465E882A}"
EndProject
Global
	GlobalSection(SolutionConfigurationPlatforms) = preSolution
		Debug|Any CPU = Debug|Any CPU
		Release|Any CPU = Release|Any CPU
	EndGlobalSection
	GlobalSection(ProjectConfigurationPlatforms) = postSolution
		{548B0485-2A8A-44D5-88EB-4536465E882A}.Debug|Any CPU.ActiveCfg = Debug|Any CPU
		{548B0485-2A8A-44D5-88EB-4536465E882A}.Debug|Any CPU.Build.0 = Debug|Any CPU
		{548B0485-2A8A-44D5-88EB-4536465E882A}.Release|Any CPU.ActiveCfg = Release|Any CPU
		{548B0485-2A8A-44D5-88EB-4536465E882A}.Release|Any CPU.Build.0 = Release|Any CPU
	EndGlobalSection
	GlobalSection(SolutionProperties) = preSolution
		HideSolutionNode = FALSE
	EndGlobalSection
	GlobalSection(ExtensibilityGlobals) = postSolution
		SolutionGuid = {D53376C9-85C7-4338-9C22-0098D9280CF7}
	EndGlobalSection
EndGlobal
